
Microsoft Visual Studio Solution File, Format Version 12.00
# Visual Studio Version 17
VisualStudioVersion = 17.11.35327.3
MinimumVisualStudioVersion = 10.0.40219.1
Project("{FAE04EC0-301F-11D3-BF4B-00C04F79EFBC}") = "kullanıcı adı ve şifre verilen c# kodu", "kullanıcı adı ve şifre verilen c# kodu\kullanıcı adı ve şifre verilen c# kodu.csproj", "{4F2EB2B5-EBA7-4E34-A1C4-24B9CFB7EECB}"
EndProject
Global
	GlobalSection(SolutionConfigurationPlatforms) = preSolution
		Debug|Any CPU = Debug|Any CPU
		Release|Any CPU = Release|Any CPU
	EndGlobalSection
	GlobalSection(ProjectConfigurationPlatforms) = postSolution
		{4F2EB2B5-EBA7-4E34-A1C4-24B9CFB7EECB}.Debug|Any CPU.ActiveCfg = Debug|Any CPU
		{4F2EB2B5-EBA7-4E34-A1C4-24B9CFB7EECB}.Debug|Any CPU.Build.0 = Debug|Any CPU
		{4F2EB2B5-EBA7-4E34-A1C4-24B9CFB7EECB}.Release|Any CPU.ActiveCfg = Release|Any CPU
		{4F2EB2B5-EBA7-4E34-A1C4-24B9CFB7EECB}.Release|Any CPU.Build.0 = Release|Any CPU
	EndGlobalSection
	GlobalSection(SolutionProperties) = preSolution
		HideSolutionNode = FALSE
	EndGlobalSection
	GlobalSection(ExtensibilityGlobals) = postSolution
		SolutionGuid = {1416EC38-C66C-48AC-B80E-AE8E2CA30D17}
	EndGlobalSection
EndGlobal
